
Microsoft Visual Studio Solution File, Format Version 12.00
# Visual Studio Version 17
VisualStudioVersion = 17.12.35707.178 d17.12
MinimumVisualStudioVersion = 10.0.40219.1
Project("{FAE04EC0-301F-11D3-BF4B-00C04F79EFBC}") = "SaludAppBackend.API", "SaludAppBackend.API\SaludAppBackend.API.csproj", "{5FD66FCF-6FC7-4D2F-A612-D222DACF55F2}"
EndProject
Project("{FAE04EC0-301F-11D3-BF4B-00C04F79EFBC}") = "SaludAppBackend.Data", "SaludAppBackend.Data\SaludAppBackend.Data.csproj", "{9BB7C50D-2577-4F34-AA65-648220816CC5}"
EndProject
Project("{FAE04EC0-301F-11D3-BF4B-00C04F79EFBC}") = "SaludAppBackend.Models", "SaludAppBackend.Models\SaludAppBackend.Models.csproj", "{DFB4481D-EE26-46D2-B957-D4479285B133}"
EndProject
Global
	GlobalSection(SolutionConfigurationPlatforms) = preSolution
		Debug|Any CPU = Debug|Any CPU
		Release|Any CPU = Release|Any CPU
	EndGlobalSection
	GlobalSection(ProjectConfigurationPlatforms) = postSolution
		{5FD66FCF-6FC7-4D2F-A612-D222DACF55F2}.Debug|Any CPU.ActiveCfg = Debug|Any CPU
		{5FD66FCF-6FC7-4D2F-A612-D222DACF55F2}.Debug|Any CPU.Build.0 = Debug|Any CPU
		{5FD66FCF-6FC7-4D2F-A612-D222DACF55F2}.Release|Any CPU.ActiveCfg = Release|Any CPU
		{5FD66FCF-6FC7-4D2F-A612-D222DACF55F2}.Release|Any CPU.Build.0 = Release|Any CPU
		{9BB7C50D-2577-4F34-AA65-648220816CC5}.Debug|Any CPU.ActiveCfg = Debug|Any CPU
		{9BB7C50D-2577-4F34-AA65-648220816CC5}.Debug|Any CPU.Build.0 = Debug|Any CPU
		{9BB7C50D-2577-4F34-AA65-648220816CC5}.Release|Any CPU.ActiveCfg = Release|Any CPU
		{9BB7C50D-2577-4F34-AA65-648220816CC5}.Release|Any CPU.Build.0 = Release|Any CPU
		{DFB4481D-EE26-46D2-B957-D4479285B133}.Debug|Any CPU.ActiveCfg = Debug|Any CPU
		{DFB4481D-EE26-46D2-B957-D4479285B133}.Debug|Any CPU.Build.0 = Debug|Any CPU
		{DFB4481D-EE26-46D2-B957-D4479285B133}.Release|Any CPU.ActiveCfg = Release|Any CPU
		{DFB4481D-EE26-46D2-B957-D4479285B133}.Release|Any CPU.Build.0 = Release|Any CPU
	EndGlobalSection
	GlobalSection(SolutionProperties) = preSolution
		HideSolutionNode = FALSE
	EndGlobalSection
EndGlobal
